// !$*UTF8*$!
{
	archiveVersion = 1;
	classes = {
	};
	objectVersion = 56;
	objects = {

/* Begin PBXBuildFile section */
		0D02AD98299177B2007E61EB /* UnitTestingApp.swift in Sources */ = {isa = PBXBuildFile; fileRef = 0D02AD97299177B2007E61EB /* UnitTestingApp.swift */; };
		0D02AD9A299177B2007E61EB /* ContentView.swift in Sources */ = {isa = PBXBuildFile; fileRef = 0D02AD99299177B2007E61EB /* ContentView.swift */; };
		0D02AD9C299177B3007E61EB /* Assets.xcassets in Resources */ = {isa = PBXBuildFile; fileRef = 0D02AD9B299177B3007E61EB /* Assets.xcassets */; };
		0D02ADA0299177B3007E61EB /* Preview Assets.xcassets in Resources */ = {isa = PBXBuildFile; fileRef = 0D02AD9F299177B3007E61EB /* Preview Assets.xcassets */; };
		0D02ADAA299177B3007E61EB /* UnitTestingTests.swift in Sources */ = {isa = PBXBuildFile; fileRef = 0D02ADA9299177B3007E61EB /* UnitTestingTests.swift */; };
		0D02ADB4299177B3007E61EB /* UnitTestingUITests.swift in Sources */ = {isa = PBXBuildFile; fileRef = 0D02ADB3299177B3007E61EB /* UnitTestingUITests.swift */; };
		0D02ADB6299177B3007E61EB /* UnitTestingUITestsLaunchTests.swift in Sources */ = {isa = PBXBuildFile; fileRef = 0D02ADB5299177B3007E61EB /* UnitTestingUITestsLaunchTests.swift */; };
		0D02ADC3299177DD007E61EB /* Converter.swift in Sources */ = {isa = PBXBuildFile; fileRef = 0D02ADC2299177DD007E61EB /* Converter.swift */; };
		0D02ADC5299178BB007E61EB /* ConverterTests.swift in Sources */ = {isa = PBXBuildFile; fileRef = 0D02ADC4299178BB007E61EB /* ConverterTests.swift */; };
		0D02ADC729A029C4007E61EB /* ThrowingTests.swift in Sources */ = {isa = PBXBuildFile; fileRef = 0D02ADC629A029C4007E61EB /* ThrowingTests.swift */; };
		0D02AE0229A6A788007E61EB /* ThrowingFunc.swift in Sources */ = {isa = PBXBuildFile; fileRef = 0D02AE0129A6A788007E61EB /* ThrowingFunc.swift */; };
		0D6401A129AA892C00F97581 /* AsynchronousTests.swift in Sources */ = {isa = PBXBuildFile; fileRef = 0D6401A029AA892C00F97581 /* AsynchronousTests.swift */; };
		0D6401A829AA8F1400F97581 /* PrimeCalculator.swift in Sources */ = {isa = PBXBuildFile; fileRef = 0D6401A729AA8F1400F97581 /* PrimeCalculator.swift */; };
		0DB3A09229B0F2FD0049FD01 /* Notifications.swift in Sources */ = {isa = PBXBuildFile; fileRef = 0DB3A09129B0F2FD0049FD01 /* Notifications.swift */; };
		0DB3A09429B0F7EF0049FD01 /* NotificationsTests.swift in Sources */ = {isa = PBXBuildFile; fileRef = 0DB3A09329B0F7EF0049FD01 /* NotificationsTests.swift */; };
		0DB3A09629B174E70049FD01 /* primeCalculatorTests.swift in Sources */ = {isa = PBXBuildFile; fileRef = 0DB3A09529B174E70049FD01 /* primeCalculatorTests.swift */; };
/* End PBXBuildFile section */

/* Begin PBXContainerItemProxy section */
		0D02ADA6299177B3007E61EB /* PBXContainerItemProxy */ = {
			isa = PBXContainerItemProxy;
			containerPortal = 0D02AD8C299177B2007E61EB /* Project object */;
			proxyType = 1;
			remoteGlobalIDString = 0D02AD93299177B2007E61EB;
			remoteInfo = UnitTesting;
		};
		0D02ADB0299177B3007E61EB /* PBXContainerItemProxy */ = {
			isa = PBXContainerItemProxy;
			containerPortal = 0D02AD8C299177B2007E61EB /* Project object */;
			proxyType = 1;
			remoteGlobalIDString = 0D02AD93299177B2007E61EB;
			remoteInfo = UnitTesting;
		};
		0D6401A229AA892C00F97581 /* PBXContainerItemProxy */ = {
			isa = PBXContainerItemProxy;
			containerPortal = 0D02AD8C299177B2007E61EB /* Project object */;
			proxyType = 1;
			remoteGlobalIDString = 0D02AD93299177B2007E61EB;
			remoteInfo = UnitTesting;
		};
/* End PBXContainerItemProxy section */

/* Begin PBXFileReference section */
		0D02AD94299177B2007E61EB /* UnitTesting.app */ = {isa = PBXFileReference; explicitFileType = wrapper.application; includeInIndex = 0; path = UnitTesting.app; sourceTree = BUILT_PRODUCTS_DIR; };
		0D02AD97299177B2007E61EB /* UnitTestingApp.swift */ = {isa = PBXFileReference; lastKnownFileType = sourcecode.swift; path = UnitTestingApp.swift; sourceTree = "<group>"; };
		0D02AD99299177B2007E61EB /* ContentView.swift */ = {isa = PBXFileReference; lastKnownFileType = sourcecode.swift; path = ContentView.swift; sourceTree = "<group>"; };
		0D02AD9B299177B3007E61EB /* Assets.xcassets */ = {isa = PBXFileReference; lastKnownFileType = folder.assetcatalog; path = Assets.xcassets; sourceTree = "<group>"; };
		0D02AD9D299177B3007E61EB /* UnitTesting.entitlements */ = {isa = PBXFileReference; lastKnownFileType = text.plist.entitlements; path = UnitTesting.entitlements; sourceTree = "<group>"; };
		0D02AD9F299177B3007E61EB /* Preview Assets.xcassets */ = {isa = PBXFileReference; lastKnownFileType = folder.assetcatalog; path = "Preview Assets.xcassets"; sourceTree = "<group>"; };
		0D02ADA5299177B3007E61EB /* UnitTestingTests.xctest */ = {isa = PBXFileReference; explicitFileType = wrapper.cfbundle; includeInIndex = 0; path = UnitTestingTests.xctest; sourceTree = BUILT_PRODUCTS_DIR; };
		0D02ADA9299177B3007E61EB /* UnitTestingTests.swift */ = {isa = PBXFileReference; lastKnownFileType = sourcecode.swift; path = UnitTestingTests.swift; sourceTree = "<group>"; };
		0D02ADAF299177B3007E61EB /* UnitTestingUITests.xctest */ = {isa = PBXFileReference; explicitFileType = wrapper.cfbundle; includeInIndex = 0; path = UnitTestingUITests.xctest; sourceTree = BUILT_PRODUCTS_DIR; };
		0D02ADB3299177B3007E61EB /* UnitTestingUITests.swift */ = {isa = PBXFileReference; lastKnownFileType = sourcecode.swift; path = UnitTestingUITests.swift; sourceTree = "<group>"; };
		0D02ADB5299177B3007E61EB /* UnitTestingUITestsLaunchTests.swift */ = {isa = PBXFileReference; lastKnownFileType = sourcecode.swift; path = UnitTestingUITestsLaunchTests.swift; sourceTree = "<group>"; };
		0D02ADC2299177DD007E61EB /* Converter.swift */ = {isa = PBXFileReference; lastKnownFileType = sourcecode.swift; path = Converter.swift; sourceTree = "<group>"; };
		0D02ADC4299178BB007E61EB /* ConverterTests.swift */ = {isa = PBXFileReference; lastKnownFileType = sourcecode.swift; path = ConverterTests.swift; sourceTree = "<group>"; };
		0D02ADC629A029C4007E61EB /* ThrowingTests.swift */ = {isa = PBXFileReference; lastKnownFileType = sourcecode.swift; path = ThrowingTests.swift; sourceTree = "<group>"; };
		0D02AE0129A6A788007E61EB /* ThrowingFunc.swift */ = {isa = PBXFileReference; lastKnownFileType = sourcecode.swift; path = ThrowingFunc.swift; sourceTree = "<group>"; };
		0D64019E29AA892C00F97581 /* AsynchronousTests.xctest */ = {isa = PBXFileReference; explicitFileType = wrapper.cfbundle; includeInIndex = 0; path = AsynchronousTests.xctest; sourceTree = BUILT_PRODUCTS_DIR; };
		0D6401A029AA892C00F97581 /* AsynchronousTests.swift */ = {isa = PBXFileReference; lastKnownFileType = sourcecode.swift; path = AsynchronousTests.swift; sourceTree = "<group>"; };
		0D6401A729AA8F1400F97581 /* PrimeCalculator.swift */ = {isa = PBXFileReference; lastKnownFileType = sourcecode.swift; path = PrimeCalculator.swift; sourceTree = "<group>"; };
		0DB3A09129B0F2FD0049FD01 /* Notifications.swift */ = {isa = PBXFileReference; lastKnownFileType = sourcecode.swift; path = Notifications.swift; sourceTree = "<group>"; };
		0DB3A09329B0F7EF0049FD01 /* NotificationsTests.swift */ = {isa = PBXFileReference; lastKnownFileType = sourcecode.swift; path = NotificationsTests.swift; sourceTree = "<group>"; };
		0DB3A09529B174E70049FD01 /* primeCalculatorTests.swift */ = {isa = PBXFileReference; lastKnownFileType = sourcecode.swift; path = primeCalculatorTests.swift; sourceTree = "<group>"; };
/* End PBXFileReference section */

/* Begin PBXFrameworksBuildPhase section */
		0D02AD91299177B2007E61EB /* Frameworks */ = {
			isa = PBXFrameworksBuildPhase;
			buildActionMask = 2147483647;
			files = (
			);
			runOnlyForDeploymentPostprocessing = 0;
		};
		0D02ADA2299177B3007E61EB /* Frameworks */ = {
			isa = PBXFrameworksBuildPhase;
			buildActionMask = 2147483647;
			files = (
			);
			runOnlyForDeploymentPostprocessing = 0;
		};
		0D02ADAC299177B3007E61EB /* Frameworks */ = {
			isa = PBXFrameworksBuildPhase;
			buildActionMask = 2147483647;
			files = (
			);
			runOnlyForDeploymentPostprocessing = 0;
		};
		0D64019B29AA892C00F97581 /* Frameworks */ = {
			isa = PBXFrameworksBuildPhase;
			buildActionMask = 2147483647;
			files = (
			);
			runOnlyForDeploymentPostprocessing = 0;
		};
/* End PBXFrameworksBuildPhase section */

/* Begin PBXGroup section */
		0D02AD8B299177B2007E61EB = {
			isa = PBXGroup;
			children = (
				0D02AD96299177B2007E61EB /* UnitTesting */,
				0D02ADA8299177B3007E61EB /* UnitTestingTests */,
				0D02ADB2299177B3007E61EB /* UnitTestingUITests */,
				0D64019F29AA892C00F97581 /* AsynchronousTests */,
				0D02AD95299177B2007E61EB /* Products */,
			);
			sourceTree = "<group>";
		};
		0D02AD95299177B2007E61EB /* Products */ = {
			isa = PBXGroup;
			children = (
				0D02AD94299177B2007E61EB /* UnitTesting.app */,
				0D02ADA5299177B3007E61EB /* UnitTestingTests.xctest */,
				0D02ADAF299177B3007E61EB /* UnitTestingUITests.xctest */,
				0D64019E29AA892C00F97581 /* AsynchronousTests.xctest */,
			);
			name = Products;
			sourceTree = "<group>";
		};
		0D02AD96299177B2007E61EB /* UnitTesting */ = {
			isa = PBXGroup;
			children = (
				0D02AD97299177B2007E61EB /* UnitTestingApp.swift */,
				0D02AD99299177B2007E61EB /* ContentView.swift */,
				0D02ADC2299177DD007E61EB /* Converter.swift */,
				0D02AE0129A6A788007E61EB /* ThrowingFunc.swift */,
				0D6401A729AA8F1400F97581 /* PrimeCalculator.swift */,
				0DB3A09129B0F2FD0049FD01 /* Notifications.swift */,
				0D02AD9B299177B3007E61EB /* Assets.xcassets */,
				0D02AD9D299177B3007E61EB /* UnitTesting.entitlements */,
				0D02AD9E299177B3007E61EB /* Preview Content */,
			);
			path = UnitTesting;
			sourceTree = "<group>";
		};
		0D02AD9E299177B3007E61EB /* Preview Content */ = {
			isa = PBXGroup;
			children = (
				0D02AD9F299177B3007E61EB /* Preview Assets.xcassets */,
			);
			path = "Preview Content";
			sourceTree = "<group>";
		};
		0D02ADA8299177B3007E61EB /* UnitTestingTests */ = {
			isa = PBXGroup;
			children = (
				0D02ADA9299177B3007E61EB /* UnitTestingTests.swift */,
				0D02ADC4299178BB007E61EB /* ConverterTests.swift */,
				0D02ADC629A029C4007E61EB /* ThrowingTests.swift */,
				0DB3A09529B174E70049FD01 /* primeCalculatorTests.swift */,
			);
			path = UnitTestingTests;
			sourceTree = "<group>";
		};
		0D02ADB2299177B3007E61EB /* UnitTestingUITests */ = {
			isa = PBXGroup;
			children = (
				0D02ADB3299177B3007E61EB /* UnitTestingUITests.swift */,
				0D02ADB5299177B3007E61EB /* UnitTestingUITestsLaunchTests.swift */,
			);
			path = UnitTestingUITests;
			sourceTree = "<group>";
		};
		0D64019F29AA892C00F97581 /* AsynchronousTests */ = {
			isa = PBXGroup;
			children = (
				0D6401A029AA892C00F97581 /* AsynchronousTests.swift */,
				0DB3A09329B0F7EF0049FD01 /* NotificationsTests.swift */,
			);
			path = AsynchronousTests;
			sourceTree = "<group>";
		};
/* End PBXGroup section */

/* Begin PBXNativeTarget section */
		0D02AD93299177B2007E61EB /* UnitTesting */ = {
			isa = PBXNativeTarget;
			buildConfigurationList = 0D02ADB9299177B3007E61EB /* Build configuration list for PBXNativeTarget "UnitTesting" */;
			buildPhases = (
				0D02AD90299177B2007E61EB /* Sources */,
				0D02AD91299177B2007E61EB /* Frameworks */,
				0D02AD92299177B2007E61EB /* Resources */,
			);
			buildRules = (
			);
			dependencies = (
			);
			name = UnitTesting;
			productName = UnitTesting;
			productReference = 0D02AD94299177B2007E61EB /* UnitTesting.app */;
			productType = "com.apple.product-type.application";
		};
		0D02ADA4299177B3007E61EB /* UnitTestingTests */ = {
			isa = PBXNativeTarget;
			buildConfigurationList = 0D02ADBC299177B3007E61EB /* Build configuration list for PBXNativeTarget "UnitTestingTests" */;
			buildPhases = (
				0D02ADA1299177B3007E61EB /* Sources */,
				0D02ADA2299177B3007E61EB /* Frameworks */,
				0D02ADA3299177B3007E61EB /* Resources */,
			);
			buildRules = (
			);
			dependencies = (
				0D02ADA7299177B3007E61EB /* PBXTargetDependency */,
			);
			name = UnitTestingTests;
			productName = UnitTestingTests;
			productReference = 0D02ADA5299177B3007E61EB /* UnitTestingTests.xctest */;
			productType = "com.apple.product-type.bundle.unit-test";
		};
		0D02ADAE299177B3007E61EB /* UnitTestingUITests */ = {
			isa = PBXNativeTarget;
			buildConfigurationList = 0D02ADBF299177B3007E61EB /* Build configuration list for PBXNativeTarget "UnitTestingUITests" */;
			buildPhases = (
				0D02ADAB299177B3007E61EB /* Sources */,
				0D02ADAC299177B3007E61EB /* Frameworks */,
				0D02ADAD299177B3007E61EB /* Resources */,
			);
			buildRules = (
			);
			dependencies = (
				0D02ADB1299177B3007E61EB /* PBXTargetDependency */,
			);
			name = UnitTestingUITests;
			productName = UnitTestingUITests;
			productReference = 0D02ADAF299177B3007E61EB /* UnitTestingUITests.xctest */;
			productType = "com.apple.product-type.bundle.ui-testing";
		};
		0D64019D29AA892C00F97581 /* AsynchronousTests */ = {
			isa = PBXNativeTarget;
			buildConfigurationList = 0D6401A629AA892C00F97581 /* Build configuration list for PBXNativeTarget "AsynchronousTests" */;
			buildPhases = (
				0D64019A29AA892C00F97581 /* Sources */,
				0D64019B29AA892C00F97581 /* Frameworks */,
				0D64019C29AA892C00F97581 /* Resources */,
			);
			buildRules = (
			);
			dependencies = (
				0D6401A329AA892C00F97581 /* PBXTargetDependency */,
			);
			name = AsynchronousTests;
			productName = AsynchronousTests;
			productReference = 0D64019E29AA892C00F97581 /* AsynchronousTests.xctest */;
			productType = "com.apple.product-type.bundle.unit-test";
		};
/* End PBXNativeTarget section */

/* Begin PBXProject section */
		0D02AD8C299177B2007E61EB /* Project object */ = {
			isa = PBXProject;
			attributes = {
				BuildIndependentTargetsInParallel = 1;
				LastSwiftUpdateCheck = 1410;
				LastUpgradeCheck = 1410;
				TargetAttributes = {
					0D02AD93299177B2007E61EB = {
						CreatedOnToolsVersion = 14.1;
					};
					0D02ADA4299177B3007E61EB = {
						CreatedOnToolsVersion = 14.1;
						TestTargetID = 0D02AD93299177B2007E61EB;
					};
					0D02ADAE299177B3007E61EB = {
						CreatedOnToolsVersion = 14.1;
						TestTargetID = 0D02AD93299177B2007E61EB;
					};
					0D64019D29AA892C00F97581 = {
						CreatedOnToolsVersion = 14.1;
						TestTargetID = 0D02AD93299177B2007E61EB;
					};
				};
			};
			buildConfigurationList = 0D02AD8F299177B2007E61EB /* Build configuration list for PBXProject "UnitTesting" */;
			compatibilityVersion = "Xcode 14.0";
			developmentRegion = en;
			hasScannedForEncodings = 0;
			knownRegions = (
				en,
				Base,
			);
			mainGroup = 0D02AD8B299177B2007E61EB;
			productRefGroup = 0D02AD95299177B2007E61EB /* Products */;
			projectDirPath = "";
			projectRoot = "";
			targets = (
				0D02AD93299177B2007E61EB /* UnitTesting */,
				0D02ADA4299177B3007E61EB /* UnitTestingTests */,
				0D02ADAE299177B3007E61EB /* UnitTestingUITests */,
				0D64019D29AA892C00F97581 /* AsynchronousTests */,
			);
		};
/* End PBXProject section */

/* Begin PBXResourcesBuildPhase section */
		0D02AD92299177B2007E61EB /* Resources */ = {
			isa = PBXResourcesBuildPhase;
			buildActionMask = 2147483647;
			files = (
				0D02ADA0299177B3007E61EB /* Preview Assets.xcassets in Resources */,
				0D02AD9C299177B3007E61EB /* Assets.xcassets in Resources */,
			);
			runOnlyForDeploymentPostprocessing = 0;
		};
		0D02ADA3299177B3007E61EB /* Resources */ = {
			isa = PBXResourcesBuildPhase;
			buildActionMask = 2147483647;
			files = (
			);
			runOnlyForDeploymentPostprocessing = 0;
		};
		0D02ADAD299177B3007E61EB /* Resources */ = {
			isa = PBXResourcesBuildPhase;
			buildActionMask = 2147483647;
			files = (
			);
			runOnlyForDeploymentPostprocessing = 0;
		};
		0D64019C29AA892C00F97581 /* Resources */ = {
			isa = PBXResourcesBuildPhase;
			buildActionMask = 2147483647;
			files = (
			);
			runOnlyForDeploymentPostprocessing = 0;
		};
/* End PBXResourcesBuildPhase section */

/* Begin PBXSourcesBuildPhase section */
		0D02AD90299177B2007E61EB /* Sources */ = {
			isa = PBXSourcesBuildPhase;
			buildActionMask = 2147483647;
			files = (
				0DB3A09229B0F2FD0049FD01 /* Notifications.swift in Sources */,
				0D02AD9A299177B2007E61EB /* ContentView.swift in Sources */,
				0D02ADC3299177DD007E61EB /* Converter.swift in Sources */,
				0D6401A829AA8F1400F97581 /* PrimeCalculator.swift in Sources */,
				0D02AD98299177B2007E61EB /* UnitTestingApp.swift in Sources */,
				0D02AE0229A6A788007E61EB /* ThrowingFunc.swift in Sources */,
			);
			runOnlyForDeploymentPostprocessing = 0;
		};
		0D02ADA1299177B3007E61EB /* Sources */ = {
			isa = PBXSourcesBuildPhase;
			buildActionMask = 2147483647;
			files = (
				0D02ADC5299178BB007E61EB /* ConverterTests.swift in Sources */,
				0D02ADAA299177B3007E61EB /* UnitTestingTests.swift in Sources */,
				0D02ADC729A029C4007E61EB /* ThrowingTests.swift in Sources */,
				0DB3A09629B174E70049FD01 /* primeCalculatorTests.swift in Sources */,
			);
			runOnlyForDeploymentPostprocessing = 0;
		};
		0D02ADAB299177B3007E61EB /* Sources */ = {
			isa = PBXSourcesBuildPhase;
			buildActionMask = 2147483647;
			files = (
				0D02ADB4299177B3007E61EB /* UnitTestingUITests.swift in Sources */,
				0D02ADB6299177B3007E61EB /* UnitTestingUITestsLaunchTests.swift in Sources */,
			);
			runOnlyForDeploymentPostprocessing = 0;
		};
		0D64019A29AA892C00F97581 /* Sources */ = {
			isa = PBXSourcesBuildPhase;
			buildActionMask = 2147483647;
			files = (
				0DB3A09429B0F7EF0049FD01 /* NotificationsTests.swift in Sources */,
				0D6401A129AA892C00F97581 /* AsynchronousTests.swift in Sources */,
			);
			runOnlyForDeploymentPostprocessing = 0;
		};
/* End PBXSourcesBuildPhase section */

/* Begin PBXTargetDependency section */
		0D02ADA7299177B3007E61EB /* PBXTargetDependency */ = {
			isa = PBXTargetDependency;
			target = 0D02AD93299177B2007E61EB /* UnitTesting */;
			targetProxy = 0D02ADA6299177B3007E61EB /* PBXContainerItemProxy */;
		};
		0D02ADB1299177B3007E61EB /* PBXTargetDependency */ = {
			isa = PBXTargetDependency;
			target = 0D02AD93299177B2007E61EB /* UnitTesting */;
			targetProxy = 0D02ADB0299177B3007E61EB /* PBXContainerItemProxy */;
		};
		0D6401A329AA892C00F97581 /* PBXTargetDependency */ = {
			isa = PBXTargetDependency;
			target = 0D02AD93299177B2007E61EB /* UnitTesting */;
			targetProxy = 0D6401A229AA892C00F97581 /* PBXContainerItemProxy */;
		};
/* End PBXTargetDependency section */

/* Begin XCBuildConfiguration section */
		0D02ADB7299177B3007E61EB /* Debug */ = {
			isa = XCBuildConfiguration;
			buildSettings = {
				ALWAYS_SEARCH_USER_PATHS = NO;
				CLANG_ANALYZER_NONNULL = YES;
				CLANG_ANALYZER_NUMBER_OBJECT_CONVERSION = YES_AGGRESSIVE;
				CLANG_CXX_LANGUAGE_STANDARD = "gnu++20";
				CLANG_ENABLE_MODULES = YES;
				CLANG_ENABLE_OBJC_ARC = YES;
				CLANG_ENABLE_OBJC_WEAK = YES;
				CLANG_WARN_BLOCK_CAPTURE_AUTORELEASING = YES;
				CLANG_WARN_BOOL_CONVERSION = YES;
				CLANG_WARN_COMMA = YES;
				CLANG_WARN_CONSTANT_CONVERSION = YES;
				CLANG_WARN_DEPRECATED_OBJC_IMPLEMENTATIONS = YES;
				CLANG_WARN_DIRECT_OBJC_ISA_USAGE = YES_ERROR;
				CLANG_WARN_DOCUMENTATION_COMMENTS = YES;
				CLANG_WARN_EMPTY_BODY = YES;
				CLANG_WARN_ENUM_CONVERSION = YES;
				CLANG_WARN_INFINITE_RECURSION = YES;
				CLANG_WARN_INT_CONVERSION = YES;
				CLANG_WARN_NON_LITERAL_NULL_CONVERSION = YES;
				CLANG_WARN_OBJC_IMPLICIT_RETAIN_SELF = YES;
				CLANG_WARN_OBJC_LITERAL_CONVERSION = YES;
				CLANG_WARN_OBJC_ROOT_CLASS = YES_ERROR;
				CLANG_WARN_QUOTED_INCLUDE_IN_FRAMEWORK_HEADER = YES;
				CLANG_WARN_RANGE_LOOP_ANALYSIS = YES;
				CLANG_WARN_STRICT_PROTOTYPES = YES;
				CLANG_WARN_SUSPICIOUS_MOVE = YES;
				CLANG_WARN_UNGUARDED_AVAILABILITY = YES_AGGRESSIVE;
				CLANG_WARN_UNREACHABLE_CODE = YES;
				CLANG_WARN__DUPLICATE_METHOD_MATCH = YES;
				COPY_PHASE_STRIP = NO;
				DEBUG_INFORMATION_FORMAT = dwarf;
				ENABLE_STRICT_OBJC_MSGSEND = YES;
				ENABLE_TESTABILITY = YES;
				GCC_C_LANGUAGE_STANDARD = gnu11;
				GCC_DYNAMIC_NO_PIC = NO;
				GCC_NO_COMMON_BLOCKS = YES;
				GCC_OPTIMIZATION_LEVEL = 0;
				GCC_PREPROCESSOR_DEFINITIONS = (
					"DEBUG=1",
					"$(inherited)",
				);
				GCC_WARN_64_TO_32_BIT_CONVERSION = YES;
				GCC_WARN_ABOUT_RETURN_TYPE = YES_ERROR;
				GCC_WARN_UNDECLARED_SELECTOR = YES;
				GCC_WARN_UNINITIALIZED_AUTOS = YES_AGGRESSIVE;
				GCC_WARN_UNUSED_FUNCTION = YES;
				GCC_WARN_UNUSED_VARIABLE = YES;
				MTL_ENABLE_DEBUG_INFO = INCLUDE_SOURCE;
				MTL_FAST_MATH = YES;
				ONLY_ACTIVE_ARCH = YES;
				SWIFT_ACTIVE_COMPILATION_CONDITIONS = DEBUG;
				SWIFT_OPTIMIZATION_LEVEL = "-Onone";
			};
			name = Debug;
		};
		0D02ADB8299177B3007E61EB /* Release */ = {
			isa = XCBuildConfiguration;
			buildSettings = {
				ALWAYS_SEARCH_USER_PATHS = NO;
				CLANG_ANALYZER_NONNULL = YES;
				CLANG_ANALYZER_NUMBER_OBJECT_CONVERSION = YES_AGGRESSIVE;
				CLANG_CXX_LANGUAGE_STANDARD = "gnu++20";
				CLANG_ENABLE_MODULES = YES;
				CLANG_ENABLE_OBJC_ARC = YES;
				CLANG_ENABLE_OBJC_WEAK = YES;
				CLANG_WARN_BLOCK_CAPTURE_AUTORELEASING = YES;
				CLANG_WARN_BOOL_CONVERSION = YES;
				CLANG_WARN_COMMA = YES;
				CLANG_WARN_CONSTANT_CONVERSION = YES;
				CLANG_WARN_DEPRECATED_OBJC_IMPLEMENTATIONS = YES;
				CLANG_WARN_DIRECT_OBJC_ISA_USAGE = YES_ERROR;
				CLANG_WARN_DOCUMENTATION_COMMENTS = YES;
				CLANG_WARN_EMPTY_BODY = YES;
				CLANG_WARN_ENUM_CONVERSION = YES;
				CLANG_WARN_INFINITE_RECURSION = YES;
				CLANG_WARN_INT_CONVERSION = YES;
				CLANG_WARN_NON_LITERAL_NULL_CONVERSION = YES;
				CLANG_WARN_OBJC_IMPLICIT_RETAIN_SELF = YES;
				CLANG_WARN_OBJC_LITERAL_CONVERSION = YES;
				CLANG_WARN_OBJC_ROOT_CLASS = YES_ERROR;
				CLANG_WARN_QUOTED_INCLUDE_IN_FRAMEWORK_HEADER = YES;
				CLANG_WARN_RANGE_LOOP_ANALYSIS = YES;
				CLANG_WARN_STRICT_PROTOTYPES = YES;
				CLANG_WARN_SUSPICIOUS_MOVE = YES;
				CLANG_WARN_UNGUARDED_AVAILABILITY = YES_AGGRESSIVE;
				CLANG_WARN_UNREACHABLE_CODE = YES;
				CLANG_WARN__DUPLICATE_METHOD_MATCH = YES;
				COPY_PHASE_STRIP = NO;
				DEBUG_INFORMATION_FORMAT = "dwarf-with-dsym";
				ENABLE_NS_ASSERTIONS = NO;
				ENABLE_STRICT_OBJC_MSGSEND = YES;
				GCC_C_LANGUAGE_STANDARD = gnu11;
				GCC_NO_COMMON_BLOCKS = YES;
				GCC_WARN_64_TO_32_BIT_CONVERSION = YES;
				GCC_WARN_ABOUT_RETURN_TYPE = YES_ERROR;
				GCC_WARN_UNDECLARED_SELECTOR = YES;
				GCC_WARN_UNINITIALIZED_AUTOS = YES_AGGRESSIVE;
				GCC_WARN_UNUSED_FUNCTION = YES;
				GCC_WARN_UNUSED_VARIABLE = YES;
				MTL_ENABLE_DEBUG_INFO = NO;
				MTL_FAST_MATH = YES;
				SWIFT_COMPILATION_MODE = wholemodule;
				SWIFT_OPTIMIZATION_LEVEL = "-O";
			};
			name = Release;
		};
		0D02ADBA299177B3007E61EB /* Debug */ = {
			isa = XCBuildConfiguration;
			buildSettings = {
				ASSETCATALOG_COMPILER_APPICON_NAME = AppIcon;
				ASSETCATALOG_COMPILER_GLOBAL_ACCENT_COLOR_NAME = AccentColor;
				CODE_SIGN_ENTITLEMENTS = UnitTesting/UnitTesting.entitlements;
				CODE_SIGN_STYLE = Automatic;
				CURRENT_PROJECT_VERSION = 1;
				DEVELOPMENT_ASSET_PATHS = "\"UnitTesting/Preview Content\"";
				DEVELOPMENT_TEAM = 54WBT8TSTM;
				ENABLE_HARDENED_RUNTIME = YES;
				ENABLE_PREVIEWS = YES;
				GENERATE_INFOPLIST_FILE = YES;
				"INFOPLIST_KEY_UIApplicationSceneManifest_Generation[sdk=iphoneos*]" = YES;
				"INFOPLIST_KEY_UIApplicationSceneManifest_Generation[sdk=iphonesimulator*]" = YES;
				"INFOPLIST_KEY_UIApplicationSupportsIndirectInputEvents[sdk=iphoneos*]" = YES;
				"INFOPLIST_KEY_UIApplicationSupportsIndirectInputEvents[sdk=iphonesimulator*]" = YES;
				"INFOPLIST_KEY_UILaunchScreen_Generation[sdk=iphoneos*]" = YES;
				"INFOPLIST_KEY_UILaunchScreen_Generation[sdk=iphonesimulator*]" = YES;
				"INFOPLIST_KEY_UIStatusBarStyle[sdk=iphoneos*]" = UIStatusBarStyleDefault;
				"INFOPLIST_KEY_UIStatusBarStyle[sdk=iphonesimulator*]" = UIStatusBarStyleDefault;
				INFOPLIST_KEY_UISupportedInterfaceOrientations_iPad = "UIInterfaceOrientationPortrait UIInterfaceOrientationPortraitUpsideDown UIInterfaceOrientationLandscapeLeft UIInterfaceOrientationLandscapeRight";
				INFOPLIST_KEY_UISupportedInterfaceOrientations_iPhone = "UIInterfaceOrientationPortrait UIInterfaceOrientationLandscapeLeft UIInterfaceOrientationLandscapeRight";
				IPHONEOS_DEPLOYMENT_TARGET = 16.1;
				LD_RUNPATH_SEARCH_PATHS = "@executable_path/Frameworks";
				"LD_RUNPATH_SEARCH_PATHS[sdk=macosx*]" = "@executable_path/../Frameworks";
				MACOSX_DEPLOYMENT_TARGET = 12.5;
				MARKETING_VERSION = 1.0;
				PRODUCT_BUNDLE_IDENTIFIER = com.andreamonroy.UnitTesting;
				PRODUCT_NAME = "$(TARGET_NAME)";
				SDKROOT = auto;
				SUPPORTED_PLATFORMS = "iphoneos iphonesimulator macosx";
				SWIFT_EMIT_LOC_STRINGS = YES;
				SWIFT_VERSION = 5.0;
				TARGETED_DEVICE_FAMILY = "1,2";
			};
			name = Debug;
		};
		0D02ADBB299177B3007E61EB /* Release */ = {
			isa = XCBuildConfiguration;
			buildSettings = {
				ASSETCATALOG_COMPILER_APPICON_NAME = AppIcon;
				ASSETCATALOG_COMPILER_GLOBAL_ACCENT_COLOR_NAME = AccentColor;
				CODE_SIGN_ENTITLEMENTS = UnitTesting/UnitTesting.entitlements;
				CODE_SIGN_STYLE = Automatic;
				CURRENT_PROJECT_VERSION = 1;
				DEVELOPMENT_ASSET_PATHS = "\"UnitTesting/Preview Content\"";
				DEVELOPMENT_TEAM = 54WBT8TSTM;
				ENABLE_HARDENED_RUNTIME = YES;
				ENABLE_PREVIEWS = YES;
				GENERATE_INFOPLIST_FILE = YES;
				"INFOPLIST_KEY_UIApplicationSceneManifest_Generation[sdk=iphoneos*]" = YES;
				"INFOPLIST_KEY_UIApplicationSceneManifest_Generation[sdk=iphonesimulator*]" = YES;
				"INFOPLIST_KEY_UIApplicationSupportsIndirectInputEvents[sdk=iphoneos*]" = YES;
				"INFOPLIST_KEY_UIApplicationSupportsIndirectInputEvents[sdk=iphonesimulator*]" = YES;
				"INFOPLIST_KEY_UILaunchScreen_Generation[sdk=iphoneos*]" = YES;
				"INFOPLIST_KEY_UILaunchScreen_Generation[sdk=iphonesimulator*]" = YES;
				"INFOPLIST_KEY_UIStatusBarStyle[sdk=iphoneos*]" = UIStatusBarStyleDefault;
				"INFOPLIST_KEY_UIStatusBarStyle[sdk=iphonesimulator*]" = UIStatusBarStyleDefault;
				INFOPLIST_KEY_UISupportedInterfaceOrientations_iPad = "UIInterfaceOrientationPortrait UIInterfaceOrientationPortraitUpsideDown UIInterfaceOrientationLandscapeLeft UIInterfaceOrientationLandscapeRight";
				INFOPLIST_KEY_UISupportedInterfaceOrientations_iPhone = "UIInterfaceOrientationPortrait UIInterfaceOrientationLandscapeLeft UIInterfaceOrientationLandscapeRight";
				IPHONEOS_DEPLOYMENT_TARGET = 16.1;
				LD_RUNPATH_SEARCH_PATHS = "@executable_path/Frameworks";
				"LD_RUNPATH_SEARCH_PATHS[sdk=macosx*]" = "@executable_path/../Frameworks";
				MACOSX_DEPLOYMENT_TARGET = 12.5;
				MARKETING_VERSION = 1.0;
				PRODUCT_BUNDLE_IDENTIFIER = com.andreamonroy.UnitTesting;
				PRODUCT_NAME = "$(TARGET_NAME)";
				SDKROOT = auto;
				SUPPORTED_PLATFORMS = "iphoneos iphonesimulator macosx";
				SWIFT_EMIT_LOC_STRINGS = YES;
				SWIFT_VERSION = 5.0;
				TARGETED_DEVICE_FAMILY = "1,2";
			};
			name = Release;
		};
		0D02ADBD299177B3007E61EB /* Debug */ = {
			isa = XCBuildConfiguration;
			buildSettings = {
				ALWAYS_EMBED_SWIFT_STANDARD_LIBRARIES = YES;
				BUNDLE_LOADER = "$(TEST_HOST)";
				CODE_SIGN_STYLE = Automatic;
				CURRENT_PROJECT_VERSION = 1;
				DEVELOPMENT_TEAM = 54WBT8TSTM;
				GENERATE_INFOPLIST_FILE = YES;
				IPHONEOS_DEPLOYMENT_TARGET = 16.1;
				MACOSX_DEPLOYMENT_TARGET = 12.5;
				MARKETING_VERSION = 1.0;
				PRODUCT_BUNDLE_IDENTIFIER = com.andreamonroy.UnitTestingTests;
				PRODUCT_NAME = "$(TARGET_NAME)";
				SDKROOT = auto;
				SUPPORTED_PLATFORMS = "iphoneos iphonesimulator macosx";
				SWIFT_EMIT_LOC_STRINGS = NO;
				SWIFT_VERSION = 5.0;
				TARGETED_DEVICE_FAMILY = "1,2";
				TEST_HOST = "$(BUILT_PRODUCTS_DIR)/UnitTesting.app/$(BUNDLE_EXECUTABLE_FOLDER_PATH)/UnitTesting";
			};
			name = Debug;
		};
		0D02ADBE299177B3007E61EB /* Release */ = {
			isa = XCBuildConfiguration;
			buildSettings = {
				ALWAYS_EMBED_SWIFT_STANDARD_LIBRARIES = YES;
				BUNDLE_LOADER = "$(TEST_HOST)";
				CODE_SIGN_STYLE = Automatic;
				CURRENT_PROJECT_VERSION = 1;
				DEVELOPMENT_TEAM = 54WBT8TSTM;
				GENERATE_INFOPLIST_FILE = YES;
				IPHONEOS_DEPLOYMENT_TARGET = 16.1;
				MACOSX_DEPLOYMENT_TARGET = 12.5;
				MARKETING_VERSION = 1.0;
				PRODUCT_BUNDLE_IDENTIFIER = com.andreamonroy.UnitTestingTests;
				PRODUCT_NAME = "$(TARGET_NAME)";
				SDKROOT = auto;
				SUPPORTED_PLATFORMS = "iphoneos iphonesimulator macosx";
				SWIFT_EMIT_LOC_STRINGS = NO;
				SWIFT_VERSION = 5.0;
				TARGETED_DEVICE_FAMILY = "1,2";
				TEST_HOST = "$(BUILT_PRODUCTS_DIR)/UnitTesting.app/$(BUNDLE_EXECUTABLE_FOLDER_PATH)/UnitTesting";
			};
			name = Release;
		};
		0D02ADC0299177B3007E61EB /* Debug */ = {
			isa = XCBuildConfiguration;
			buildSettings = {
				ALWAYS_EMBED_SWIFT_STANDARD_LIBRARIES = YES;
				CODE_SIGN_STYLE = Automatic;
				CURRENT_PROJECT_VERSION = 1;
				DEVELOPMENT_TEAM = 54WBT8TSTM;
				GENERATE_INFOPLIST_FILE = YES;
				IPHONEOS_DEPLOYMENT_TARGET = 16.1;
				MACOSX_DEPLOYMENT_TARGET = 12.5;
				MARKETING_VERSION = 1.0;
				PRODUCT_BUNDLE_IDENTIFIER = com.andreamonroy.UnitTestingUITests;
				PRODUCT_NAME = "$(TARGET_NAME)";
				SDKROOT = auto;
				SUPPORTED_PLATFORMS = "iphoneos iphonesimulator macosx";
				SWIFT_EMIT_LOC_STRINGS = NO;
				SWIFT_VERSION = 5.0;
				TARGETED_DEVICE_FAMILY = "1,2";
				TEST_TARGET_NAME = UnitTesting;
			};
			name = Debug;
		};
		0D02ADC1299177B3007E61EB /* Release */ = {
			isa = XCBuildConfiguration;
			buildSettings = {
				ALWAYS_EMBED_SWIFT_STANDARD_LIBRARIES = YES;
				CODE_SIGN_STYLE = Automatic;
				CURRENT_PROJECT_VERSION = 1;
				DEVELOPMENT_TEAM = 54WBT8TSTM;
				GENERATE_INFOPLIST_FILE = YES;
				IPHONEOS_DEPLOYMENT_TARGET = 16.1;
				MACOSX_DEPLOYMENT_TARGET = 12.5;
				MARKETING_VERSION = 1.0;
				PRODUCT_BUNDLE_IDENTIFIER = com.andreamonroy.UnitTestingUITests;
				PRODUCT_NAME = "$(TARGET_NAME)";
				SDKROOT = auto;
				SUPPORTED_PLATFORMS = "iphoneos iphonesimulator macosx";
				SWIFT_EMIT_LOC_STRINGS = NO;
				SWIFT_VERSION = 5.0;
				TARGETED_DEVICE_FAMILY = "1,2";
				TEST_TARGET_NAME = UnitTesting;
			};
			name = Release;
		};
		0D6401A429AA892C00F97581 /* Debug */ = {
			isa = XCBuildConfiguration;
			buildSettings = {
				BUNDLE_LOADER = "$(TEST_HOST)";
				CODE_SIGN_STYLE = Automatic;
				CURRENT_PROJECT_VERSION = 1;
				DEVELOPMENT_TEAM = 54WBT8TSTM;
				GENERATE_INFOPLIST_FILE = YES;
				IPHONEOS_DEPLOYMENT_TARGET = 16.1;
				MARKETING_VERSION = 1.0;
				PRODUCT_BUNDLE_IDENTIFIER = com.andreamonroy.AsynchronousTests;
				PRODUCT_NAME = "$(TARGET_NAME)";
				SDKROOT = iphoneos;
				SWIFT_EMIT_LOC_STRINGS = NO;
				SWIFT_VERSION = 5.0;
				TARGETED_DEVICE_FAMILY = "1,2";
				TEST_HOST = "$(BUILT_PRODUCTS_DIR)/UnitTesting.app/$(BUNDLE_EXECUTABLE_FOLDER_PATH)/UnitTesting";
			};
			name = Debug;
		};
		0D6401A529AA892C00F97581 /* Release */ = {
			isa = XCBuildConfiguration;
			buildSettings = {
				BUNDLE_LOADER = "$(TEST_HOST)";
				CODE_SIGN_STYLE = Automatic;
				CURRENT_PROJECT_VERSION = 1;
				DEVELOPMENT_TEAM = 54WBT8TSTM;
				GENERATE_INFOPLIST_FILE = YES;
				IPHONEOS_DEPLOYMENT_TARGET = 16.1;
				MARKETING_VERSION = 1.0;
				PRODUCT_BUNDLE_IDENTIFIER = com.andreamonroy.AsynchronousTests;
				PRODUCT_NAME = "$(TARGET_NAME)";
				SDKROOT = iphoneos;
				SWIFT_EMIT_LOC_STRINGS = NO;
				SWIFT_VERSION = 5.0;
				TARGETED_DEVICE_FAMILY = "1,2";
				TEST_HOST = "$(BUILT_PRODUCTS_DIR)/UnitTesting.app/$(BUNDLE_EXECUTABLE_FOLDER_PATH)/UnitTesting";
				VALIDATE_PRODUCT = YES;
			};
			name = Release;
		};
/* End XCBuildConfiguration section */

/* Begin XCConfigurationList section */
		0D02AD8F299177B2007E61EB /* Build configuration list for PBXProject "UnitTesting" */ = {
			isa = XCConfigurationList;
			buildConfigurations = (
				0D02ADB7299177B3007E61EB /* Debug */,
				0D02ADB8299177B3007E61EB /* Release */,
			);
			defaultConfigurationIsVisible = 0;
			defaultConfigurationName = Release;
		};
		0D02ADB9299177B3007E61EB /* Build configuration list for PBXNativeTarget "UnitTesting" */ = {
			isa = XCConfigurationList;
			buildConfigurations = (
				0D02ADBA299177B3007E61EB /* Debug */,
				0D02ADBB299177B3007E61EB /* Release */,
			);
			defaultConfigurationIsVisible = 0;
			defaultConfigurationName = Release;
		};
		0D02ADBC299177B3007E61EB /* Build configuration list for PBXNativeTarget "UnitTestingTests" */ = {
			isa = XCConfigurationList;
			buildConfigurations = (
				0D02ADBD299177B3007E61EB /* Debug */,
				0D02ADBE299177B3007E61EB /* Release */,
			);
			defaultConfigurationIsVisible = 0;
			defaultConfigurationName = Release;
		};
		0D02ADBF299177B3007E61EB /* Build configuration list for PBXNativeTarget "UnitTestingUITests" */ = {
			isa = XCConfigurationList;
			buildConfigurations = (
				0D02ADC0299177B3007E61EB /* Debug */,
				0D02ADC1299177B3007E61EB /* Release */,
			);
			defaultConfigurationIsVisible = 0;
			defaultConfigurationName = Release;
		};
		0D6401A629AA892C00F97581 /* Build configuration list for PBXNativeTarget "AsynchronousTests" */ = {
			isa = XCConfigurationList;
			buildConfigurations = (
				0D6401A429AA892C00F97581 /* Debug */,
				0D6401A529AA892C00F97581 /* Release */,
			);
			defaultConfigurationIsVisible = 0;
			defaultConfigurationName = Release;
		};
/* End XCConfigurationList section */
	};
	rootObject = 0D02AD8C299177B2007E61EB /* Project object */;
}
